
Microsoft Visual Studio Solution File, Format Version 12.00
# Visual Studio 15
VisualStudioVersion = 15.0.28307.757
MinimumVisualStudioVersion = 10.0.40219.1
Project("{8BC9CEB8-8B4A-11D0-8D11-00A0C91BC942}") = "Tan Kai LOk.c", "PCD assignment\PCD assignment.vcxproj", "{57E072E2-EC9B-4DF3-9C13-505B79962405}"
EndProject
Global
	GlobalSection(SolutionConfigurationPlatforms) = preSolution
		Debug|x64 = Debug|x64
		Debug|x86 = Debug|x86
		Release|x64 = Release|x64
		Release|x86 = Release|x86
	EndGlobalSection
	GlobalSection(ProjectConfigurationPlatforms) = postSolution
		{57E072E2-EC9B-4DF3-9C13-505B79962405}.Debug|x64.ActiveCfg = Debug|x64
		{57E072E2-EC9B-4DF3-9C13-505B79962405}.Debug|x64.Build.0 = Debug|x64
		{57E072E2-EC9B-4DF3-9C13-505B79962405}.Debug|x86.ActiveCfg = Debug|Win32
		{57E072E2-EC9B-4DF3-9C13-505B79962405}.Debug|x86.Build.0 = Debug|Win32
		{57E072E2-EC9B-4DF3-9C13-505B79962405}.Release|x64.ActiveCfg = Release|x64
		{57E072E2-EC9B-4DF3-9C13-505B79962405}.Release|x64.Build.0 = Release|x64
		{57E072E2-EC9B-4DF3-9C13-505B79962405}.Release|x86.ActiveCfg = Release|Win32
		{57E072E2-EC9B-4DF3-9C13-505B79962405}.Release|x86.Build.0 = Release|Win32
	EndGlobalSection
	GlobalSection(SolutionProperties) = preSolution
		HideSolutionNode = FALSE
	EndGlobalSection
	GlobalSection(ExtensibilityGlobals) = postSolution
		SolutionGuid = {10411AB5-3218-4B06-A2AB-C05C1F36CB93}
	EndGlobalSection
EndGlobal
